PODS:
  - Alamofire (4.8.2)
  - Blabber (1.1.7):
    - Blabber/Core (= 1.1.7)
  - Blabber/Core (1.1.7)
  - DockerSwift/Blabber (1.0.0):
    - Blabber
    - DockerSwift/Core
  - DockerSwift/Core (1.0.0):
    - Alamofire (~> 4)

DEPENDENCIES:
  - DockerSwift/Blabber (from `../`)

SPEC REPOS:
  https://github.com/cocoapods/specs.git:
    - Alamofire
    - Blabber

EXTERNAL SOURCES:
  DockerSwift:
    :path: "../"

SPEC CHECKSUMS:
  Alamofire: ae5c501addb7afdbb13687d7f2f722c78734c2d3
  Blabber: 056a8fe57474e9eafef7777e050ec316ed9c12a2
  DockerSwift: 46dd3ee9c758a60d2f2a21971a888d2d6ded67cc

PODFILE CHECKSUM: 982ac3289867a65fd97bf7e6832e29a6a7f1bb05

COCOAPODS: 1.6.1
